
Microsoft Visual Studio Solution File, Format Version 12.00
# Visual Studio Version 16
VisualStudioVersion = 16.0.29721.120
MinimumVisualStudioVersion = 10.0.40219.1
Project("{9A19103F-16F7-4668-BE54-9A1E7A4F7556}") = "BeautySalon", "BeautySalon\BeautySalon.csproj", "{EF1C0F21-37DB-448B-84E2-3230F7EF2296}"
EndProject
Global
	GlobalSection(SolutionConfigurationPlatforms) = preSolution
		Debug|Any CPU = Debug|Any CPU
		Release|Any CPU = Release|Any CPU
	EndGlobalSection
	GlobalSection(ProjectConfigurationPlatforms) = postSolution
		{EF1C0F21-37DB-448B-84E2-3230F7EF2296}.Debug|Any CPU.ActiveCfg = Debug|Any CPU
		{EF1C0F21-37DB-448B-84E2-3230F7EF2296}.Debug|Any CPU.Build.0 = Debug|Any CPU
		{EF1C0F21-37DB-448B-84E2-3230F7EF2296}.Release|Any CPU.ActiveCfg = Release|Any CPU
		{EF1C0F21-37DB-448B-84E2-3230F7EF2296}.Release|Any CPU.Build.0 = Release|Any CPU
	EndGlobalSection
	GlobalSection(SolutionProperties) = preSolution
		HideSolutionNode = FALSE
	EndGlobalSection
	GlobalSection(ExtensibilityGlobals) = postSolution
		SolutionGuid = {D8975DC0-FE47-4819-B183-EDEE4F617382}
	EndGlobalSection
EndGlobal
